
Microsoft Visual Studio Solution File, Format Version 12.00
# Visual Studio Version 17
VisualStudioVersion = 17.3.32901.215
MinimumVisualStudioVersion = 10.0.40219.1
Project("{FAE04EC0-301F-11D3-BF4B-00C04F79EFBC}") = "VarlamovLab13", "VarlamovLab13\VarlamovLab13.csproj", "{EC8800E9-51B0-4713-BD37-B6C28514B403}"
EndProject
Project("{FAE04EC0-301F-11D3-BF4B-00C04F79EFBC}") = "Library1", "Library1\Library1.csproj", "{F64A91E4-C55C-4FCD-A166-85FDB17B17E5}"
EndProject
Global
	GlobalSection(SolutionConfigurationPlatforms) = preSolution
		Debug|Any CPU = Debug|Any CPU
		Release|Any CPU = Release|Any CPU
	EndGlobalSection
	GlobalSection(ProjectConfigurationPlatforms) = postSolution
		{EC8800E9-51B0-4713-BD37-B6C28514B403}.Debug|Any CPU.ActiveCfg = Debug|Any CPU
		{EC8800E9-51B0-4713-BD37-B6C28514B403}.Debug|Any CPU.Build.0 = Debug|Any CPU
		{EC8800E9-51B0-4713-BD37-B6C28514B403}.Release|Any CPU.ActiveCfg = Release|Any CPU
		{EC8800E9-51B0-4713-BD37-B6C28514B403}.Release|Any CPU.Build.0 = Release|Any CPU
		{F64A91E4-C55C-4FCD-A166-85FDB17B17E5}.Debug|Any CPU.ActiveCfg = Debug|Any CPU
		{F64A91E4-C55C-4FCD-A166-85FDB17B17E5}.Debug|Any CPU.Build.0 = Debug|Any CPU
		{F64A91E4-C55C-4FCD-A166-85FDB17B17E5}.Release|Any CPU.ActiveCfg = Release|Any CPU
		{F64A91E4-C55C-4FCD-A166-85FDB17B17E5}.Release|Any CPU.Build.0 = Release|Any CPU
	EndGlobalSection
	GlobalSection(SolutionProperties) = preSolution
		HideSolutionNode = FALSE
	EndGlobalSection
	GlobalSection(ExtensibilityGlobals) = postSolution
		SolutionGuid = {6460A658-3C86-49EC-9A0F-FED2D342AC66}
	EndGlobalSection
EndGlobal
